
Microsoft Visual Studio Solution File, Format Version 12.00
# Visual Studio 15
VisualStudioVersion = 15.0.27130.2024
MinimumVisualStudioVersion = 10.0.40219.1
Project("{9A19103F-16F7-4668-BE54-9A1E7A4F7556}") = "xunit.spec", "xunit.spec\xunit.spec.csproj", "{A7F68312-0BC9-4BF5-8C81-3472CFCD9E19}"
EndProject
Project("{9A19103F-16F7-4668-BE54-9A1E7A4F7556}") = "xunit.spec.tests", "xunit.spec.tests\xunit.spec.tests.csproj", "{C076F38D-0B3F-4655-891D-1565BA92BC8A}"
EndProject
Global
	GlobalSection(SolutionConfigurationPlatforms) = preSolution
		Debug|Any CPU = Debug|Any CPU
		Release|Any CPU = Release|Any CPU
	EndGlobalSection
	GlobalSection(ProjectConfigurationPlatforms) = postSolution
		{A7F68312-0BC9-4BF5-8C81-3472CFCD9E19}.Debug|Any CPU.ActiveCfg = Debug|Any CPU
		{A7F68312-0BC9-4BF5-8C81-3472CFCD9E19}.Debug|Any CPU.Build.0 = Debug|Any CPU
		{A7F68312-0BC9-4BF5-8C81-3472CFCD9E19}.Release|Any CPU.ActiveCfg = Release|Any CPU
		{A7F68312-0BC9-4BF5-8C81-3472CFCD9E19}.Release|Any CPU.Build.0 = Release|Any CPU
		{C076F38D-0B3F-4655-891D-1565BA92BC8A}.Debug|Any CPU.ActiveCfg = Debug|Any CPU
		{C076F38D-0B3F-4655-891D-1565BA92BC8A}.Debug|Any CPU.Build.0 = Debug|Any CPU
		{C076F38D-0B3F-4655-891D-1565BA92BC8A}.Release|Any CPU.ActiveCfg = Release|Any CPU
		{C076F38D-0B3F-4655-891D-1565BA92BC8A}.Release|Any CPU.Build.0 = Release|Any CPU
	EndGlobalSection
	GlobalSection(SolutionProperties) = preSolution
		HideSolutionNode = FALSE
	EndGlobalSection
	GlobalSection(ExtensibilityGlobals) = postSolution
		SolutionGuid = {81170798-86F9-4FDC-AAAD-736742428D94}
	EndGlobalSection
EndGlobal
